{
    "_readme": [
        "This file locks the dependencies of your project to a known state",
        "Read more about it at https://getcomposer.org/doc/01-basic-usage.md#composer-lock-the-lock-file",
        "This file is @generated automatically"
    ],
    "content-hash": "9367d4658bbb8ced130ec7a3f5453499",
    "packages": [
        {
            "name": "facebook/graph-sdk",
            "version": "5.6.0",
            "source": {
                "type": "git",
                "url": "https://github.com/facebook/php-graph-sdk.git",
                "reference": "34f5e5993c67acd264017373f23848961585dcac"
            },
            "dist": {
                "type": "zip",
                "url": "https://api.github.com/repos/facebook/php-graph-sdk/zipball/34f5e5993c67acd264017373f23848961585dcac",
                "reference": "34f5e5993c67acd264017373f23848961585dcac",
                "shasum": ""
            },
            "require": {
                "php": "^5.4|^7.0"
            },
            "require-dev": {
                "guzzlehttp/guzzle": "~5.0",
                "mockery/mockery": "~0.8",
                "phpunit/phpunit": "~4.0"
            },
            "suggest": {
                "guzzlehttp/guzzle": "Allows for implementation of the Guzzle HTTP client",
                "paragonie/random_compat": "Provides a better CSPRNG option in PHP 5"
            },
            "type": "library",
            "extra": {
                "branch-alias": {
                    "dev-master": "5.x-dev"
                }
            },
            "autoload": {
                "psr-4": {
                    "Facebook\\": "src/Facebook/"
                },
                "files": [
                    "src/Facebook/polyfills.php"
                ]
            },
            "notification-url": "https://packagist.org/downloads/",
            "license": [
                "Facebook Platform"
            ],
            "authors": [
                {
                    "name": "Facebook",
                    "homepage": "https://github.com/facebook/php-graph-sdk/contributors"
                }
            ],
            "description": "Facebook SDK for PHP",
            "homepage": "https://github.com/facebook/php-graph-sdk",
            "keywords": [
                "facebook",
                "sdk"
            ],
            "time": "2017-07-23T14:06:52+00:00"
        },
        {
            "name": "netherphp/avenue",
            "version": "v2.0.7",
            "source": {
                "type": "git",
                "url": "https://github.com/netherphp/avenue.git",
                "reference": "283c2138599c7adf13913daab0754410b1792965"
            },
            "dist": {
                "type": "zip",
                "url": "https://api.github.com/repos/netherphp/avenue/zipball/283c2138599c7adf13913daab0754410b1792965",
                "reference": "283c2138599c7adf13913daab0754410b1792965",
                "shasum": ""
            },
            "require": {
                "netherphp/object": "^2.0.0",
                "netherphp/option": "^1.0.0"
            },
            "require-dev": {
                "codeception/codeception": "~2.0.13",
                "codeception/verify": "~0.2.0"
            },
            "type": "library",
            "autoload": {
                "psr-0": {
                    "Nether\\": "src/"
                }
            },
            "notification-url": "https://packagist.org/downloads/",
            "license": [
                "BSD-2-Clause"
            ],
            "authors": [
                {
                    "name": "Bob Majdak Jr",
                    "email": "bob@nether.io",
                    "homepage": "http://nether.io",
                    "role": "developer"
                }
            ],
            "description": "A Request Router.",
            "keywords": [
                "php",
                "router"
            ],
            "time": "2017-07-11T00:37:24+00:00"
        },
        {
            "name": "netherphp/cache",
            "version": "v2.0.1",
            "source": {
                "type": "git",
                "url": "https://github.com/netherphp/cache.git",
                "reference": "63390ac9baa57e273d981a1cc2dac3c0c4fc39ad"
            },
            "dist": {
                "type": "zip",
                "url": "https://api.github.com/repos/netherphp/cache/zipball/63390ac9baa57e273d981a1cc2dac3c0c4fc39ad",
                "reference": "63390ac9baa57e273d981a1cc2dac3c0c4fc39ad",
                "shasum": ""
            },
            "require": {
                "netherphp/object": "~2.0",
                "netherphp/option": "~1.0",
                "netherphp/stash": "~2.0",
                "php": ">=7.0.0"
            },
            "type": "library",
            "autoload": {
                "psr-0": {
                    "Nether\\": "src/"
                }
            },
            "notification-url": "https://packagist.org/downloads/",
            "license": [
                "BSD-2-Clause"
            ],
            "authors": [
                {
                    "name": "Bob Majdak Jr",
                    "email": "bob@majdak.net",
                    "homepage": "http://majdak.net",
                    "role": "developer"
                }
            ],
            "description": "A cache interface.",
            "keywords": [
                "cache",
                "nether",
                "php"
            ],
            "time": "2016-05-30T18:58:29+00:00"
        },
        {
            "name": "netherphp/console",
            "version": "v2.0.4",
            "source": {
                "type": "git",
                "url": "https://github.com/netherphp/console.git",
                "reference": "0f9ba4749c598aec72e1108e1e45bfb54df55bd8"
            },
            "dist": {
                "type": "zip",
                "url": "https://api.github.com/repos/netherphp/console/zipball/0f9ba4749c598aec72e1108e1e45bfb54df55bd8",
                "reference": "0f9ba4749c598aec72e1108e1e45bfb54df55bd8",
                "shasum": ""
            },
            "require": {
                "netherphp/object": "^2.0.0"
            },
            "type": "library",
            "autoload": {
                "psr-0": {
                    "Nether\\": "src/"
                }
            },
            "notification-url": "https://packagist.org/downloads/",
            "license": [
                "BSD-3-Clause"
            ],
            "authors": [
                {
                    "name": "Bob Majdak Jr",
                    "email": "bob@nether.io",
                    "homepage": "http://nether.io",
                    "role": "developer"
                }
            ],
            "description": "A CLI Parser",
            "keywords": [
                "cli",
                "console",
                "php"
            ],
            "time": "2016-11-16T19:35:51+00:00"
        },
        {
            "name": "netherphp/database",
            "version": "v2.0.3",
            "source": {
                "type": "git",
                "url": "https://github.com/netherphp/database.git",
                "reference": "6136b50ca5c275bf854d139186eeb471fe080771"
            },
            "dist": {
                "type": "zip",
                "url": "https://api.github.com/repos/netherphp/database/zipball/6136b50ca5c275bf854d139186eeb471fe080771",
                "reference": "6136b50ca5c275bf854d139186eeb471fe080771",
                "shasum": ""
            },
            "require": {
                "netherphp/object": "^2.0.0",
                "netherphp/option": "^1.0.0",
                "php": ">=7.0.0"
            },
            "type": "library",
            "autoload": {
                "psr-0": {
                    "Nether\\": "src/"
                }
            },
            "notification-url": "https://packagist.org/downloads/",
            "license": [
                "BSD-2-Clause"
            ],
            "authors": [
                {
                    "name": "Bob Majdak Jr",
                    "email": "bob@majdak.net",
                    "homepage": "http://majdak.net",
                    "role": "developer"
                }
            ],
            "description": "A database connection and query tool.",
            "keywords": [
                "database",
                "php"
            ],
            "time": "2016-09-16T22:29:31+00:00"
        },
        {
            "name": "netherphp/input",
            "version": "v2.0.3",
            "source": {
                "type": "git",
                "url": "https://github.com/netherphp/input.git",
                "reference": "9fc822ccc68b9b31679a07adf64d11a42d878d80"
            },
            "dist": {
                "type": "zip",
                "url": "https://api.github.com/repos/netherphp/input/zipball/9fc822ccc68b9b31679a07adf64d11a42d878d80",
                "reference": "9fc822ccc68b9b31679a07adf64d11a42d878d80",
                "shasum": ""
            },
            "require": {
                "netherphp/object": "^2.0.0",
                "netherphp/option": "^1.0.0"
            },
            "type": "library",
            "autoload": {
                "psr-0": {
                    "Nether\\": "src/"
                }
            },
            "notification-url": "https://packagist.org/downloads/",
            "license": [
                "BSD-2-Clause"
            ],
            "authors": [
                {
                    "name": "Bob Majdak Jr",
                    "email": "bob@nether.io",
                    "homepage": "http://nether.io",
                    "role": "developer"
                }
            ],
            "description": "Input Handling.",
            "keywords": [
                "filter",
                "input",
                "php",
                "sanitisation"
            ],
            "time": "2016-05-02T16:28:06+00:00"
        },
        {
            "name": "netherphp/ki",
            "version": "v1.0.0",
            "source": {
                "type": "git",
                "url": "https://github.com/netherphp/ki.git",
                "reference": "ac6bc7925d1cc232f12ce1ba2fb1c570b32b3f39"
            },
            "dist": {
                "type": "zip",
                "url": "https://api.github.com/repos/netherphp/ki/zipball/ac6bc7925d1cc232f12ce1ba2fb1c570b32b3f39",
                "reference": "ac6bc7925d1cc232f12ce1ba2fb1c570b32b3f39",
                "shasum": ""
            },
            "require": {
                "php": ">=5.4.0"
            },
            "type": "library",
            "autoload": {
                "psr-0": {
                    "Nether\\": "src/"
                }
            },
            "notification-url": "https://packagist.org/downloads/",
            "license": [
                "BSD-2-Clause"
            ],
            "authors": [
                {
                    "name": "Bob Majdak Jr",
                    "email": "bob@nether.io",
                    "homepage": "http://nether.io",
                    "role": "developer"
                }
            ],
            "description": "An event handler",
            "keywords": [
                "event",
                "php"
            ],
            "time": "2015-05-18T00:13:43+00:00"
        },
        {
            "name": "netherphp/object",
            "version": "v2.1.9",
            "source": {
                "type": "git",
                "url": "https://github.com/netherphp/object.git",
                "reference": "89ff7a9b69527dc5d636194fb0ce6643e6ff0454"
            },
            "dist": {
                "type": "zip",
                "url": "https://api.github.com/repos/netherphp/object/zipball/89ff7a9b69527dc5d636194fb0ce6643e6ff0454",
                "reference": "89ff7a9b69527dc5d636194fb0ce6643e6ff0454",
                "shasum": ""
            },
            "require": {
                "php": ">=7.0.0"
            },
            "type": "library",
            "autoload": {
                "psr-0": {
                    "Nether\\": "src/"
                }
            },
            "notification-url": "https://packagist.org/downloads/",
            "license": [
                "BSD-2-Clause"
            ],
            "authors": [
                {
                    "name": "Bob Majdak Jr",
                    "email": "bob@nether.io",
                    "homepage": "http://nether.io",
                    "role": "developer"
                }
            ],
            "description": "A little object builder.",
            "keywords": [
                "object",
                "php"
            ],
            "time": "2016-10-20T21:32:19+00:00"
        },
        {
            "name": "netherphp/onescript",
            "version": "v2.0.1",
            "source": {
                "type": "git",
                "url": "https://github.com/netherphp/onescript.git",
                "reference": "cb19251bae5fec9d0d568546e8dca1985915637b"
            },
            "dist": {
                "type": "zip",
                "url": "https://api.github.com/repos/netherphp/onescript/zipball/cb19251bae5fec9d0d568546e8dca1985915637b",
                "reference": "cb19251bae5fec9d0d568546e8dca1985915637b",
                "shasum": ""
            },
            "require": {
                "netherphp/console": "~2.0",
                "netherphp/object": "~2.0"
            },
            "bin": [
                "bin/nether-onescript"
            ],
            "type": "library",
            "autoload": {
                "psr-0": {
                    "Nether\\": "src/"
                }
            },
            "notification-url": "https://packagist.org/downloads/",
            "license": [
                "BSD-3-Clause"
            ],
            "authors": [
                {
                    "name": "Bob Majdak Jr",
                    "email": "bob@nether.io",
                    "homepage": "http://nether.io",
                    "role": "developer"
                }
            ],
            "description": "A silly Javascript Compiler.",
            "keywords": [
                "compiler",
                "javascript",
                "php"
            ],
            "time": "2016-06-02T21:01:54+00:00"
        },
        {
            "name": "netherphp/option",
            "version": "v1.0.0",
            "source": {
                "type": "git",
                "url": "https://github.com/netherphp/option.git",
                "reference": "ea38f8fdd80e8cb55605f44380de430b9c0d0c95"
            },
            "dist": {
                "type": "zip",
                "url": "https://api.github.com/repos/netherphp/option/zipball/ea38f8fdd80e8cb55605f44380de430b9c0d0c95",
                "reference": "ea38f8fdd80e8cb55605f44380de430b9c0d0c95",
                "shasum": ""
            },
            "require": {
                "php": ">=5.4.0"
            },
            "type": "library",
            "autoload": {
                "psr-0": {
                    "Nether\\": "src/"
                }
            },
            "notification-url": "https://packagist.org/downloads/",
            "license": [
                "BSD-2-Clause"
            ],
            "authors": [
                {
                    "name": "Bob Majdak Jr",
                    "email": "bob@majdak.net",
                    "homepage": "http://majdak.net",
                    "role": "developer"
                }
            ],
            "description": "A global settings manager",
            "keywords": [
                "options",
                "php"
            ],
            "time": "2014-03-22T17:46:59+00:00"
        },
        {
            "name": "netherphp/project",
            "version": "v1.0.0",
            "source": {
                "type": "git",
                "url": "https://github.com/netherphp/project.git",
                "reference": "4122f9c43a55a06befd16c6b1f153d53df26248d"
            },
            "dist": {
                "type": "zip",
                "url": "https://api.github.com/repos/netherphp/project/zipball/4122f9c43a55a06befd16c6b1f153d53df26248d",
                "reference": "4122f9c43a55a06befd16c6b1f153d53df26248d",
                "shasum": ""
            },
            "require": {
                "php": ">=5.4.0"
            },
            "bin": [
                "bin/nether-realboot"
            ],
            "type": "library",
            "autoload": {
                "psr-0": {
                    "Nether\\": "src/"
                }
            },
            "notification-url": "https://packagist.org/downloads/",
            "license": [
                "BSD-3-Clause"
            ],
            "authors": [
                {
                    "name": "Bob Majdak Jr",
                    "email": "bob@nether.io",
                    "homepage": "http://nether.io",
                    "role": "developer"
                }
            ],
            "description": "Utilities (CLI) for project management.",
            "keywords": [
                "php",
                "project"
            ],
            "time": "2015-05-16T02:48:39+00:00"
        },
        {
            "name": "netherphp/stash",
            "version": "v2.0.0",
            "source": {
                "type": "git",
                "url": "https://github.com/netherphp/stash.git",
                "reference": "4ab86ac75d1f8177d17310302b411628826b9e6b"
            },
            "dist": {
                "type": "zip",
                "url": "https://api.github.com/repos/netherphp/stash/zipball/4ab86ac75d1f8177d17310302b411628826b9e6b",
                "reference": "4ab86ac75d1f8177d17310302b411628826b9e6b",
                "shasum": ""
            },
            "require": {
                "php": ">=5.4.0"
            },
            "type": "library",
            "autoload": {
                "psr-0": {
                    "Nether\\": "src/"
                }
            },
            "notification-url": "https://packagist.org/downloads/",
            "license": [
                "BSD-2-Clause"
            ],
            "authors": [
                {
                    "name": "Bob Majdak Jr",
                    "email": "bob@nether.io",
                    "homepage": "http://nether.io",
                    "role": "developer"
                }
            ],
            "description": "A global value manager.",
            "keywords": [
                "nether",
                "php",
                "stash"
            ],
            "time": "2016-05-30T18:46:12+00:00"
        },
        {
            "name": "netherphp/surface",
            "version": "v2.2.0",
            "source": {
                "type": "git",
                "url": "https://github.com/netherphp/surface.git",
                "reference": "a3dc6fa85d0f5744b949a0b3ddb42b593cfdbdd4"
            },
            "dist": {
                "type": "zip",
                "url": "https://api.github.com/repos/netherphp/surface/zipball/a3dc6fa85d0f5744b949a0b3ddb42b593cfdbdd4",
                "reference": "a3dc6fa85d0f5744b949a0b3ddb42b593cfdbdd4",
                "shasum": ""
            },
            "require": {
                "netherphp/ki": "~1.0",
                "netherphp/object": "~2.0",
                "netherphp/option": "~1.0",
                "netherphp/stash": "~2.0",
                "php": ">=7.0.0"
            },
            "type": "library",
            "autoload": {
                "psr-0": {
                    "Nether\\": "src/"
                }
            },
            "notification-url": "https://packagist.org/downloads/",
            "license": [
                "BSD-3-Clause"
            ],
            "authors": [
                {
                    "name": "Bob Majdak Jr",
                    "email": "bob@nether.io",
                    "homepage": "http://nether.io",
                    "role": "developer"
                }
            ],
            "description": "A template rendering system.",
            "keywords": [
                "php",
                "template"
            ],
            "time": "2017-04-10T23:42:20+00:00"
        },
        {
            "name": "netherphp/world",
            "version": "v2.2.1",
            "source": {
                "type": "git",
                "url": "https://github.com/netherphp/world.git",
                "reference": "767751b073c70dfe2bbe38d3382fe37406f5e2ed"
            },
            "dist": {
                "type": "zip",
                "url": "https://api.github.com/repos/netherphp/world/zipball/767751b073c70dfe2bbe38d3382fe37406f5e2ed",
                "reference": "767751b073c70dfe2bbe38d3382fe37406f5e2ed",
                "shasum": ""
            },
            "require": {
                "netherphp/avenue": "~2.0",
                "netherphp/cache": "~2.0",
                "netherphp/console": "~2.0",
                "netherphp/database": "~2.0",
                "netherphp/input": "~2.0",
                "netherphp/ki": "~1.0",
                "netherphp/object": "~2.1",
                "netherphp/onescript": "~2.0",
                "netherphp/option": "~1.0",
                "netherphp/project": "~1.0",
                "netherphp/stash": "~2.0",
                "netherphp/surface": "~2.0",
                "php": ">=7.0.0"
            },
            "type": "library",
            "notification-url": "https://packagist.org/downloads/",
            "license": [
                "BSD-2-Clause"
            ],
            "authors": [
                {
                    "name": "Bob Majdak Jr",
                    "email": "bob@nether.io",
                    "homepage": "http://nether.io",
                    "role": "developer"
                }
            ],
            "description": "A meta package to include all the things.",
            "keywords": [
                "framework",
                "nether",
                "php",
                "pony"
            ],
            "time": "2016-05-30T19:04:54+00:00"
        }
    ],
    "packages-dev": [],
    "aliases": [],
    "minimum-stability": "stable",
    "stability-flags": [],
    "prefer-stable": false,
    "prefer-lowest": false,
    "platform": [],
    "platform-dev": []
}
